
Microsoft Visual Studio Solution File, Format Version 12.00
# Visual Studio Version 17
VisualStudioVersion = 17.2.32616.157
MinimumVisualStudioVersion = 10.0.40219.1
Project("{9A19103F-16F7-4668-BE54-9A1E7A4F7556}") = "TRBabyShop", "TRBabyShop\TRBabyShop.csproj", "{95C88EA7-AF8C-4AD8-819F-9ECF252EE96B}"
EndProject
Project("{9A19103F-16F7-4668-BE54-9A1E7A4F7556}") = "TRBabyShop.Infrastructure", "TRBabyShop.Infrastructure\TRBabyShop.Infrastructure.csproj", "{5FD6D6D1-D0DE-4B32-8822-0463F81452AD}"
EndProject
Project("{9A19103F-16F7-4668-BE54-9A1E7A4F7556}") = "TRBabyShop.Core", "TRBabyShop.Core\TRBabyShop.Core.csproj", "{B206C1CE-F86D-49D7-BF5D-638196F75EC0}"
EndProject
Project("{FAE04EC0-301F-11D3-BF4B-00C04F79EFBC}") = "TRBabyShop.Tests", "TRBabyShop.Tests\TRBabyShop.Tests.csproj", "{787FDAAD-AC69-439C-B317-7DC5BDF460D7}"
	ProjectSection(ProjectDependencies) = postProject
		{5FD6D6D1-D0DE-4B32-8822-0463F81452AD} = {5FD6D6D1-D0DE-4B32-8822-0463F81452AD}
		{B206C1CE-F86D-49D7-BF5D-638196F75EC0} = {B206C1CE-F86D-49D7-BF5D-638196F75EC0}
	EndProjectSection
EndProject
Global
	GlobalSection(SolutionConfigurationPlatforms) = preSolution
		Debug|Any CPU = Debug|Any CPU
		Release|Any CPU = Release|Any CPU
	EndGlobalSection
	GlobalSection(ProjectConfigurationPlatforms) = postSolution
		{95C88EA7-AF8C-4AD8-819F-9ECF252EE96B}.Debug|Any CPU.ActiveCfg = Debug|Any CPU
		{95C88EA7-AF8C-4AD8-819F-9ECF252EE96B}.Debug|Any CPU.Build.0 = Debug|Any CPU
		{95C88EA7-AF8C-4AD8-819F-9ECF252EE96B}.Release|Any CPU.ActiveCfg = Release|Any CPU
		{95C88EA7-AF8C-4AD8-819F-9ECF252EE96B}.Release|Any CPU.Build.0 = Release|Any CPU
		{5FD6D6D1-D0DE-4B32-8822-0463F81452AD}.Debug|Any CPU.ActiveCfg = Debug|Any CPU
		{5FD6D6D1-D0DE-4B32-8822-0463F81452AD}.Debug|Any CPU.Build.0 = Debug|Any CPU
		{5FD6D6D1-D0DE-4B32-8822-0463F81452AD}.Release|Any CPU.ActiveCfg = Release|Any CPU
		{5FD6D6D1-D0DE-4B32-8822-0463F81452AD}.Release|Any CPU.Build.0 = Release|Any CPU
		{B206C1CE-F86D-49D7-BF5D-638196F75EC0}.Debug|Any CPU.ActiveCfg = Debug|Any CPU
		{B206C1CE-F86D-49D7-BF5D-638196F75EC0}.Debug|Any CPU.Build.0 = Debug|Any CPU
		{B206C1CE-F86D-49D7-BF5D-638196F75EC0}.Release|Any CPU.ActiveCfg = Release|Any CPU
		{B206C1CE-F86D-49D7-BF5D-638196F75EC0}.Release|Any CPU.Build.0 = Release|Any CPU
		{787FDAAD-AC69-439C-B317-7DC5BDF460D7}.Debug|Any CPU.ActiveCfg = Debug|Any CPU
		{787FDAAD-AC69-439C-B317-7DC5BDF460D7}.Debug|Any CPU.Build.0 = Debug|Any CPU
		{787FDAAD-AC69-439C-B317-7DC5BDF460D7}.Release|Any CPU.ActiveCfg = Release|Any CPU
		{787FDAAD-AC69-439C-B317-7DC5BDF460D7}.Release|Any CPU.Build.0 = Release|Any CPU
	EndGlobalSection
	GlobalSection(SolutionProperties) = preSolution
		HideSolutionNode = FALSE
	EndGlobalSection
	GlobalSection(ExtensibilityGlobals) = postSolution
		SolutionGuid = {46D148A1-4E14-4A05-8BF4-56C5E4C3478B}
	EndGlobalSection
EndGlobal
